#
# This file is autogenerated by pip-compile with Python 3.12
# by the following command:
#
#    pip-compile --output-file=requirements.lock pyproject.toml
#
certifi==2026.2.25
    # via requests
charset-normalizer==3.4.5
    # via requests
coloredlogs==15.0.1
    # via torch-tools
contourpy==1.3.3
    # via matplotlib
cssutils==2.11.1
    # via diffvg (pyproject.toml)
cycler==0.12.1
    # via matplotlib
filelock==3.25.0
    # via torch
fonttools==4.61.1
    # via matplotlib
fsspec==2026.2.0
    # via torch
humanfriendly==10.0
    # via coloredlogs
idna==3.11
    # via requests
imageio==2.37.2
    # via
    #   scikit-image
    #   torch-tools
imageio-ffmpeg==0.6.0
    # via torch-tools
jinja2==3.1.6
    # via
    #   torch
    #   torch-tools
jsonpatch==1.33
    # via visdom
jsonpointer==3.0.0
    # via jsonpatch
kiwisolver==1.4.9
    # via matplotlib
lazy-loader==0.5
    # via scikit-image
llvmlite==0.46.0
    # via numba
markupsafe==3.0.3
    # via jinja2
matplotlib==3.10.8
    # via
    #   diffvg (pyproject.toml)
    #   seaborn
more-itertools==10.8.0
    # via cssutils
mpmath==1.3.0
    # via sympy
networkx==3.6.1
    # via
    #   scikit-image
    #   torch
    #   visdom
numba==0.64.0
    # via diffvg (pyproject.toml)
numpy==2.4.2
    # via
    #   contourpy
    #   diffvg (pyproject.toml)
    #   imageio
    #   matplotlib
    #   numba
    #   pandas
    #   scikit-image
    #   scipy
    #   seaborn
    #   svgpathtools
    #   tifffile
    #   torch-tools
    #   torchvision
    #   visdom
packaging==26.0
    # via
    #   lazy-loader
    #   matplotlib
    #   scikit-image
pandas==3.0.1
    # via seaborn
pillow==12.1.1
    # via
    #   imageio
    #   matplotlib
    #   scikit-image
    #   torchvision
    #   visdom
pyaml==26.2.1
    # via torch-tools
pyparsing==3.3.2
    # via matplotlib
python-dateutil==2.9.0.post0
    # via
    #   matplotlib
    #   pandas
pyyaml==6.0.3
    # via pyaml
requests==2.32.5
    # via visdom
scikit-image==0.26.0
    # via diffvg (pyproject.toml)
scipy==1.17.1
    # via
    #   scikit-image
    #   svgpathtools
    #   visdom
seaborn==0.13.2
    # via
    #   diffvg (pyproject.toml)
    #   torch-tools
six==1.17.0
    # via
    #   python-dateutil
    #   visdom
sqlalchemy==2.0.48
    # via torch-tools
svgpathtools==1.7.2
    # via diffvg (pyproject.toml)
svgwrite==1.4.3
    # via
    #   diffvg (pyproject.toml)
    #   svgpathtools
sympy==1.14.0
    # via torch
tifffile==2026.3.3
    # via scikit-image
torch==2.10.0
    # via
    #   diffvg (pyproject.toml)
    #   torch-tools
    #   torchvision
torch-tools==0.1.5
    # via diffvg (pyproject.toml)
torchvision==0.25.0
    # via
    #   diffvg (pyproject.toml)
    #   torch-tools
tornado==6.5.4
    # via visdom
tqdm==4.67.3
    # via torch-tools
typing-extensions==4.15.0
    # via
    #   sqlalchemy
    #   torch
urllib3==2.6.3
    # via requests
visdom @ git+https://github.com/Jayantparashar10/visdom@fix/pkg-resources-python312
    # via
    #   diffvg (pyproject.toml)
    #   torch-tools
websocket-client==1.9.0
    # via visdom

# The following packages are considered to be unsafe in a requirements file:
# setuptools
